
Microsoft Visual Studio Solution File, Format Version 12.00
# Visual Studio 15
VisualStudioVersion = 15.0.27130.2027
MinimumVisualStudioVersion = 10.0.40219.1
Project("{FAE04EC0-301F-11D3-BF4B-00C04F79EFBC}") = "ProjetoBasicoCindy", "ProjetoBasicoCindy\ProjetoBasicoCindy.csproj", "{526837DC-1600-4E59-8D14-E70D8E322126}"
EndProject
Project("{FAE04EC0-301F-11D3-BF4B-00C04F79EFBC}") = "ConnectionClass SQL", "ConnectionClass SQL\ConnectionClass SQL.csproj", "{4C4D5025-DFB0-4924-A47E-D8C6DDE79DCA}"
EndProject
Global
	GlobalSection(SolutionConfigurationPlatforms) = preSolution
		Debug|Any CPU = Debug|Any CPU
		Release|Any CPU = Release|Any CPU
	EndGlobalSection
	GlobalSection(ProjectConfigurationPlatforms) = postSolution
		{526837DC-1600-4E59-8D14-E70D8E322126}.Debug|Any CPU.ActiveCfg = Debug|Any CPU
		{526837DC-1600-4E59-8D14-E70D8E322126}.Debug|Any CPU.Build.0 = Debug|Any CPU
		{526837DC-1600-4E59-8D14-E70D8E322126}.Release|Any CPU.ActiveCfg = Release|Any CPU
		{526837DC-1600-4E59-8D14-E70D8E322126}.Release|Any CPU.Build.0 = Release|Any CPU
		{4C4D5025-DFB0-4924-A47E-D8C6DDE79DCA}.Debug|Any CPU.ActiveCfg = Debug|Any CPU
		{4C4D5025-DFB0-4924-A47E-D8C6DDE79DCA}.Debug|Any CPU.Build.0 = Debug|Any CPU
		{4C4D5025-DFB0-4924-A47E-D8C6DDE79DCA}.Release|Any CPU.ActiveCfg = Release|Any CPU
		{4C4D5025-DFB0-4924-A47E-D8C6DDE79DCA}.Release|Any CPU.Build.0 = Release|Any CPU
	EndGlobalSection
	GlobalSection(SolutionProperties) = preSolution
		HideSolutionNode = FALSE
	EndGlobalSection
	GlobalSection(ExtensibilityGlobals) = postSolution
		SolutionGuid = {D85BA7C7-E344-4092-8C0F-1BB44A05AD71}
	EndGlobalSection
EndGlobal
